
Microsoft Visual Studio Solution File, Format Version 12.00
# Visual Studio 2012
Project("{FAE04EC0-301F-11D3-BF4B-00C04F79EFBC}") = "BinaryCalculator", "BinaryCalculator\BinaryCalculator.csproj", "{50BBF17A-A05D-4EBF-980F-26062B136E5C}"
EndProject
Global
	GlobalSection(SolutionConfigurationPlatforms) = preSolution
		Debug|Any CPU = Debug|Any CPU
		Release|Any CPU = Release|Any CPU
	EndGlobalSection
	GlobalSection(ProjectConfigurationPlatforms) = postSolution
		{50BBF17A-A05D-4EBF-980F-26062B136E5C}.Debug|Any CPU.ActiveCfg = Debug|Any CPU
		{50BBF17A-A05D-4EBF-980F-26062B136E5C}.Debug|Any CPU.Build.0 = Debug|Any CPU
		{50BBF17A-A05D-4EBF-980F-26062B136E5C}.Release|Any CPU.ActiveCfg = Release|Any CPU
		{50BBF17A-A05D-4EBF-980F-26062B136E5C}.Release|Any CPU.Build.0 = Release|Any CPU
	EndGlobalSection
	GlobalSection(SolutionProperties) = preSolution
		HideSolutionNode = FALSE
	EndGlobalSection
EndGlobal
